
Microsoft Visual Studio Solution File, Format Version 12.00
# Visual Studio Version 17
VisualStudioVersion = 17.6.33801.468
MinimumVisualStudioVersion = 10.0.40219.1
Project("{FAE04EC0-301F-11D3-BF4B-00C04F79EFBC}") = "Exercicio_Soma", "Exercicio_Soma.csproj", "{A610FE33-419B-4D05-AB32-45008AE1F416}"
EndProject
Global
	GlobalSection(SolutionConfigurationPlatforms) = preSolution
		Debug|Any CPU = Debug|Any CPU
		Release|Any CPU = Release|Any CPU
	EndGlobalSection
	GlobalSection(ProjectConfigurationPlatforms) = postSolution
		{A610FE33-419B-4D05-AB32-45008AE1F416}.Debug|Any CPU.ActiveCfg = Debug|Any CPU
		{A610FE33-419B-4D05-AB32-45008AE1F416}.Debug|Any CPU.Build.0 = Debug|Any CPU
		{A610FE33-419B-4D05-AB32-45008AE1F416}.Release|Any CPU.ActiveCfg = Release|Any CPU
		{A610FE33-419B-4D05-AB32-45008AE1F416}.Release|Any CPU.Build.0 = Release|Any CPU
	EndGlobalSection
	GlobalSection(SolutionProperties) = preSolution
		HideSolutionNode = FALSE
	EndGlobalSection
	GlobalSection(ExtensibilityGlobals) = postSolution
		SolutionGuid = {E1C341D6-BB12-4F7E-BB2B-741CA6368146}
	EndGlobalSection
EndGlobal
