
Microsoft Visual Studio Solution File, Format Version 12.00
# Visual Studio Version 17
VisualStudioVersion = 17.6.33801.468
MinimumVisualStudioVersion = 10.0.40219.1
Project("{FAE04EC0-301F-11D3-BF4B-00C04F79EFBC}") = "ConsoleApp1", "ConsoleApp1.csproj", "{458DBC17-F1FD-409B-B6D1-522E7CD80DB1}"
EndProject
Global
	GlobalSection(SolutionConfigurationPlatforms) = preSolution
		Debug|Any CPU = Debug|Any CPU
		Release|Any CPU = Release|Any CPU
	EndGlobalSection
	GlobalSection(ProjectConfigurationPlatforms) = postSolution
		{458DBC17-F1FD-409B-B6D1-522E7CD80DB1}.Debug|Any CPU.ActiveCfg = Debug|Any CPU
		{458DBC17-F1FD-409B-B6D1-522E7CD80DB1}.Debug|Any CPU.Build.0 = Debug|Any CPU
		{458DBC17-F1FD-409B-B6D1-522E7CD80DB1}.Release|Any CPU.ActiveCfg = Release|Any CPU
		{458DBC17-F1FD-409B-B6D1-522E7CD80DB1}.Release|Any CPU.Build.0 = Release|Any CPU
	EndGlobalSection
	GlobalSection(SolutionProperties) = preSolution
		HideSolutionNode = FALSE
	EndGlobalSection
	GlobalSection(ExtensibilityGlobals) = postSolution
		SolutionGuid = {EDBAB56A-8AE4-4092-8B21-E29475BC4812}
	EndGlobalSection
EndGlobal
